{
  "name": "francescomicunco",
  "lockfileVersion": 2,
  "requires": true,
  "packages": {
    "": {
      "dependencies": {
        "simple-icons": "^5.24.0"
      }
    },
    "node_modules/simple-icons": {
      "version": "5.24.0",
      "resolved": "https://registry.npmjs.org/simple-icons/-/simple-icons-5.24.0.tgz",
      "integrity": "sha512-wKHeqUBsHYB5KPqdc3e7BGQPQCx/NbHfJuukjo70ABGk6hegjTDSoJhsSEcVadknVG4W3+jcC3G3RbytJnapGQ==",
      "engines": {
        "node": ">=0.12.18"
      }
    }
  },
  "dependencies": {
    "simple-icons": {
      "version": "5.24.0",
      "resolved": "https://registry.npmjs.org/simple-icons/-/simple-icons-5.24.0.tgz",
      "integrity": "sha512-wKHeqUBsHYB5KPqdc3e7BGQPQCx/NbHfJuukjo70ABGk6hegjTDSoJhsSEcVadknVG4W3+jcC3G3RbytJnapGQ=="
    }
  }
}
